// !$*UTF8*$!
{
	archiveVersion = 1;
	classes = {
	};
	objectVersion = 56;
	objects = {

/* Begin PBXBuildFile section */
		953650DA2C6F624F00F58D13 /* AppDelegate.swift in Sources */ = {isa = PBXBuildFile; fileRef = 953650D92C6F624F00F58D13 /* AppDelegate.swift */; };
		953650DC2C6F624F00F58D13 /* SceneDelegate.swift in Sources */ = {isa = PBXBuildFile; fileRef = 953650DB2C6F624F00F58D13 /* SceneDelegate.swift */; };
		953650DE2C6F624F00F58D13 /* ViewController.swift in Sources */ = {isa = PBXBuildFile; fileRef = 953650DD2C6F624F00F58D13 /* ViewController.swift */; };
		953650E32C6F625100F58D13 /* Assets.xcassets in Resources */ = {isa = PBXBuildFile; fileRef = 953650E22C6F625100F58D13 /* Assets.xcassets */; };
		953650E62C6F625100F58D13 /* LaunchScreen.storyboard in Resources */ = {isa = PBXBuildFile; fileRef = 953650E42C6F625100F58D13 /* LaunchScreen.storyboard */; };
		953650F22C6F694200F58D13 /* BaseViewController.swift in Sources */ = {isa = PBXBuildFile; fileRef = 953650F12C6F694200F58D13 /* BaseViewController.swift */; };
		953650F42C6F696200F58D13 /* BaseView.swift in Sources */ = {isa = PBXBuildFile; fileRef = 953650F32C6F696200F58D13 /* BaseView.swift */; };
		953650F62C6F696E00F58D13 /* BaseButton.swift in Sources */ = {isa = PBXBuildFile; fileRef = 953650F52C6F696E00F58D13 /* BaseButton.swift */; };
		953650F82C6F698400F58D13 /* AppDependency.swift in Sources */ = {isa = PBXBuildFile; fileRef = 953650F72C6F698400F58D13 /* AppDependency.swift */; };
		953650FB2C6F69D200F58D13 /* Then in Frameworks */ = {isa = PBXBuildFile; productRef = 953650FA2C6F69D200F58D13 /* Then */; };
		953651032C6F6A0100F58D13 /* CombineMoya in Frameworks */ = {isa = PBXBuildFile; productRef = 953651022C6F6A0100F58D13 /* CombineMoya */; };
		953651052C6F6A0100F58D13 /* Moya in Frameworks */ = {isa = PBXBuildFile; productRef = 953651042C6F6A0100F58D13 /* Moya */; };
		953651072C6F6A0100F58D13 /* ReactiveMoya in Frameworks */ = {isa = PBXBuildFile; productRef = 953651062C6F6A0100F58D13 /* ReactiveMoya */; };
		953651092C6F6A0100F58D13 /* RxMoya in Frameworks */ = {isa = PBXBuildFile; productRef = 953651082C6F6A0100F58D13 /* RxMoya */; };
		953651112C6F6AF900F58D13 /* BaseRouter.swift in Sources */ = {isa = PBXBuildFile; fileRef = 953651102C6F6AF900F58D13 /* BaseRouter.swift */; };
		953651172C6F6CA100F58D13 /* MainView.swift in Sources */ = {isa = PBXBuildFile; fileRef = 953651162C6F6CA100F58D13 /* MainView.swift */; };
		953651192C6F6CA600F58D13 /* MainViewController.swift in Sources */ = {isa = PBXBuildFile; fileRef = 953651182C6F6CA600F58D13 /* MainViewController.swift */; };
		953651282C6F6DD400F58D13 /* CameraView.swift in Sources */ = {isa = PBXBuildFile; fileRef = 953651272C6F6DD400F58D13 /* CameraView.swift */; };
		9536512A2C6F6DDA00F58D13 /* CameraViewController.swift in Sources */ = {isa = PBXBuildFile; fileRef = 953651292C6F6DDA00F58D13 /* CameraViewController.swift */; };
		9536512D2C6F6E0800F58D13 /* ResultView.swift in Sources */ = {isa = PBXBuildFile; fileRef = 9536512C2C6F6E0800F58D13 /* ResultView.swift */; };
		9536512F2C6F6E0D00F58D13 /* ResultViewController.swift in Sources */ = {isa = PBXBuildFile; fileRef = 9536512E2C6F6E0D00F58D13 /* ResultViewController.swift */; };
		953651322C6F6E3700F58D13 /* LoadingView.swift in Sources */ = {isa = PBXBuildFile; fileRef = 953651312C6F6E3700F58D13 /* LoadingView.swift */; };
		953651342C6F6E3F00F58D13 /* LoadingViewController.swift in Sources */ = {isa = PBXBuildFile; fileRef = 953651332C6F6E3F00F58D13 /* LoadingViewController.swift */; };
		953651392C6F740100F58D13 /* ImageLiteral.swift in Sources */ = {isa = PBXBuildFile; fileRef = 953651382C6F740100F58D13 /* ImageLiteral.swift */; };
		9536513F2C6F762F00F58D13 /* UIColor+Extension.swift in Sources */ = {isa = PBXBuildFile; fileRef = 9536513E2C6F762F00F58D13 /* UIColor+Extension.swift */; };
		953651412C6F763700F58D13 /* UIButton+Extension.swift in Sources */ = {isa = PBXBuildFile; fileRef = 953651402C6F763700F58D13 /* UIButton+Extension.swift */; };
		953651462C6F7AE600F58D13 /* FirstStepView.swift in Sources */ = {isa = PBXBuildFile; fileRef = 953651452C6F7AE600F58D13 /* FirstStepView.swift */; };
		953651482C6F7AED00F58D13 /* FirstStepViewController.swift in Sources */ = {isa = PBXBuildFile; fileRef = 953651472C6F7AED00F58D13 /* FirstStepViewController.swift */; };
		9536514A2C6F7AF300F58D13 /* SecondStepView.swift in Sources */ = {isa = PBXBuildFile; fileRef = 953651492C6F7AF300F58D13 /* SecondStepView.swift */; };
		9536514C2C6F7AFA00F58D13 /* SecondStepViewController.swift in Sources */ = {isa = PBXBuildFile; fileRef = 9536514B2C6F7AFA00F58D13 /* SecondStepViewController.swift */; };
		9536514E2C6F7B0000F58D13 /* ThirdStepView.swift in Sources */ = {isa = PBXBuildFile; fileRef = 9536514D2C6F7B0000F58D13 /* ThirdStepView.swift */; };
		953651502C6F7B0900F58D13 /* ThirdStepViewController.swift in Sources */ = {isa = PBXBuildFile; fileRef = 9536514F2C6F7B0900F58D13 /* ThirdStepViewController.swift */; };
		953651522C6F885D00F58D13 /* UIStackView+Extension.swift in Sources */ = {isa = PBXBuildFile; fileRef = 953651512C6F885D00F58D13 /* UIStackView+Extension.swift */; };
		9536515E2C6F9BBC00F58D13 /* SnapKit in Frameworks */ = {isa = PBXBuildFile; productRef = 9536515D2C6F9BBC00F58D13 /* SnapKit */; };
		95778AFD2C6FB0A7004BB616 /* DummyData.swift in Sources */ = {isa = PBXBuildFile; fileRef = 95778AFC2C6FB0A7004BB616 /* DummyData.swift */; };
		95778AFF2C6FB0D0004BB616 /* ResultContentView.swift in Sources */ = {isa = PBXBuildFile; fileRef = 95778AFE2C6FB0D0004BB616 /* ResultContentView.swift */; };
		95778B012C6FB0E3004BB616 /* ResultDetailView.swift in Sources */ = {isa = PBXBuildFile; fileRef = 95778B002C6FB0E3004BB616 /* ResultDetailView.swift */; };
		95778B072C6FB2A7004BB616 /* GmarketSansTTFBold.ttf in Resources */ = {isa = PBXBuildFile; fileRef = 95778B042C6FB2A7004BB616 /* GmarketSansTTFBold.ttf */; };
		95778B082C6FB2A7004BB616 /* GmarketSansTTFLight.ttf in Resources */ = {isa = PBXBuildFile; fileRef = 95778B052C6FB2A7004BB616 /* GmarketSansTTFLight.ttf */; };
		95778B092C6FB2A7004BB616 /* GmarketSansTTFMedium.ttf in Resources */ = {isa = PBXBuildFile; fileRef = 95778B062C6FB2A7004BB616 /* GmarketSansTTFMedium.ttf */; };
		95778B0C2C6FB36A004BB616 /* UILabel+Extension.swift in Sources */ = {isa = PBXBuildFile; fileRef = 95778B0B2C6FB36A004BB616 /* UILabel+Extension.swift */; };
		95778B0E2C6FBF52004BB616 /* MoyaLoggerPlugin.swift in Sources */ = {isa = PBXBuildFile; fileRef = 95778B0D2C6FBF52004BB616 /* MoyaLoggerPlugin.swift */; };
		95778B102C6FBF68004BB616 /* NetworkResult.swift in Sources */ = {isa = PBXBuildFile; fileRef = 95778B0F2C6FBF68004BB616 /* NetworkResult.swift */; };
		95778B122C6FBF85004BB616 /* TargetType+Extension.swift in Sources */ = {isa = PBXBuildFile; fileRef = 95778B112C6FBF85004BB616 /* TargetType+Extension.swift */; };
		95778B162C6FBFA4004BB616 /* NetworkService.swift in Sources */ = {isa = PBXBuildFile; fileRef = 95778B152C6FBFA4004BB616 /* NetworkService.swift */; };
		95778B182C6FBFB8004BB616 /* ErrorResponse.swift in Sources */ = {isa = PBXBuildFile; fileRef = 95778B172C6FBFB8004BB616 /* ErrorResponse.swift */; };
		95778B1B2C6FBFD3004BB616 /* FrushAPI.swift in Sources */ = {isa = PBXBuildFile; fileRef = 95778B1A2C6FBFD3004BB616 /* FrushAPI.swift */; };
		95778B1D2C6FC025004BB616 /* FrushService.swift in Sources */ = {isa = PBXBuildFile; fileRef = 95778B1C2C6FC025004BB616 /* FrushService.swift */; };
		95778B1F2C6FC02B004BB616 /* FrushResponse.swift in Sources */ = {isa = PBXBuildFile; fileRef = 95778B1E2C6FC02B004BB616 /* FrushResponse.swift */; };
		95778B272C6FD8D4004BB616 /* UIImage+Extension.swift in Sources */ = {isa = PBXBuildFile; fileRef = 95778B262C6FD8D4004BB616 /* UIImage+Extension.swift */; };
		95778B2A2C6FE147004BB616 /* Lottie in Frameworks */ = {isa = PBXBuildFile; productRef = 95778B292C6FE147004BB616 /* Lottie */; };
		95778B2C2C6FE15D004BB616 /* loading_animation.json in Resources */ = {isa = PBXBuildFile; fileRef = 95778B2B2C6FE15D004BB616 /* loading_animation.json */; };
		95778B2F2C6FE3BB004BB616 /* FrushView.swift in Sources */ = {isa = PBXBuildFile; fileRef = 95778B2E2C6FE3BB004BB616 /* FrushView.swift */; };
		95778B312C6FE3C3004BB616 /* FrushViewController.swift in Sources */ = {isa = PBXBuildFile; fileRef = 95778B302C6FE3C3004BB616 /* FrushViewController.swift */; };
		95778B372C700527004BB616 /* ResultData.swift in Sources */ = {isa = PBXBuildFile; fileRef = 95778B362C700527004BB616 /* ResultData.swift */; };
/* End PBXBuildFile section */

/* Begin PBXFileReference section */
		953650D62C6F624F00F58D13 /* Frush.app */ = {isa = PBXFileReference; explicitFileType = wrapper.application; includeInIndex = 0; path = Frush.app; sourceTree = BUILT_PRODUCTS_DIR; };
		953650D92C6F624F00F58D13 /* AppDelegate.swift */ = {isa = PBXFileReference; lastKnownFileType = sourcecode.swift; path = AppDelegate.swift; sourceTree = "<group>"; };
		953650DB2C6F624F00F58D13 /* SceneDelegate.swift */ = {isa = PBXFileReference; lastKnownFileType = sourcecode.swift; path = SceneDelegate.swift; sourceTree = "<group>"; };
		953650DD2C6F624F00F58D13 /* ViewController.swift */ = {isa = PBXFileReference; lastKnownFileType = sourcecode.swift; path = ViewController.swift; sourceTree = "<group>"; };
		953650E22C6F625100F58D13 /* Assets.xcassets */ = {isa = PBXFileReference; lastKnownFileType = folder.assetcatalog; path = Assets.xcassets; sourceTree = "<group>"; };
		953650E52C6F625100F58D13 /* Base */ = {isa = PBXFileReference; lastKnownFileType = file.storyboard; name = Base; path = Base.lproj/LaunchScreen.storyboard; sourceTree = "<group>"; };
		953650E72C6F625100F58D13 /* Info.plist */ = {isa = PBXFileReference; lastKnownFileType = text.plist.xml; path = Info.plist; sourceTree = "<group>"; };
		953650F12C6F694200F58D13 /* BaseViewController.swift */ = {isa = PBXFileReference; lastKnownFileType = sourcecode.swift; path = BaseViewController.swift; sourceTree = "<group>"; };
		953650F32C6F696200F58D13 /* BaseView.swift */ = {isa = PBXFileReference; lastKnownFileType = sourcecode.swift; path = BaseView.swift; sourceTree = "<group>"; };
		953650F52C6F696E00F58D13 /* BaseButton.swift */ = {isa = PBXFileReference; lastKnownFileType = sourcecode.swift; path = BaseButton.swift; sourceTree = "<group>"; };
		953650F72C6F698400F58D13 /* AppDependency.swift */ = {isa = PBXFileReference; lastKnownFileType = sourcecode.swift; path = AppDependency.swift; sourceTree = "<group>"; };
		953651102C6F6AF900F58D13 /* BaseRouter.swift */ = {isa = PBXFileReference; lastKnownFileType = sourcecode.swift; path = BaseRouter.swift; sourceTree = "<group>"; };
		953651162C6F6CA100F58D13 /* MainView.swift */ = {isa = PBXFileReference; lastKnownFileType = sourcecode.swift; path = MainView.swift; sourceTree = "<group>"; };
		953651182C6F6CA600F58D13 /* MainViewController.swift */ = {isa = PBXFileReference; lastKnownFileType = sourcecode.swift; path = MainViewController.swift; sourceTree = "<group>"; };
		953651272C6F6DD400F58D13 /* CameraView.swift */ = {isa = PBXFileReference; lastKnownFileType = sourcecode.swift; path = CameraView.swift; sourceTree = "<group>"; };
		953651292C6F6DDA00F58D13 /* CameraViewController.swift */ = {isa = PBXFileReference; lastKnownFileType = sourcecode.swift; path = CameraViewController.swift; sourceTree = "<group>"; };
		9536512C2C6F6E0800F58D13 /* ResultView.swift */ = {isa = PBXFileReference; lastKnownFileType = sourcecode.swift; path = ResultView.swift; sourceTree = "<group>"; };
		9536512E2C6F6E0D00F58D13 /* ResultViewController.swift */ = {isa = PBXFileReference; lastKnownFileType = sourcecode.swift; path = ResultViewController.swift; sourceTree = "<group>"; };
		953651312C6F6E3700F58D13 /* LoadingView.swift */ = {isa = PBXFileReference; lastKnownFileType = sourcecode.swift; path = LoadingView.swift; sourceTree = "<group>"; };
		953651332C6F6E3F00F58D13 /* LoadingViewController.swift */ = {isa = PBXFileReference; lastKnownFileType = sourcecode.swift; path = LoadingViewController.swift; sourceTree = "<group>"; };
		953651382C6F740100F58D13 /* ImageLiteral.swift */ = {isa = PBXFileReference; lastKnownFileType = sourcecode.swift; path = ImageLiteral.swift; sourceTree = "<group>"; };
		9536513E2C6F762F00F58D13 /* UIColor+Extension.swift */ = {isa = PBXFileReference; lastKnownFileType = sourcecode.swift; path = "UIColor+Extension.swift"; sourceTree = "<group>"; };
		953651402C6F763700F58D13 /* UIButton+Extension.swift */ = {isa = PBXFileReference; lastKnownFileType = sourcecode.swift; path = "UIButton+Extension.swift"; sourceTree = "<group>"; };
		953651452C6F7AE600F58D13 /* FirstStepView.swift */ = {isa = PBXFileReference; lastKnownFileType = sourcecode.swift; path = FirstStepView.swift; sourceTree = "<group>"; };
		953651472C6F7AED00F58D13 /* FirstStepViewController.swift */ = {isa = PBXFileReference; lastKnownFileType = sourcecode.swift; path = FirstStepViewController.swift; sourceTree = "<group>"; };
		953651492C6F7AF300F58D13 /* SecondStepView.swift */ = {isa = PBXFileReference; lastKnownFileType = sourcecode.swift; path = SecondStepView.swift; sourceTree = "<group>"; };
		9536514B2C6F7AFA00F58D13 /* SecondStepViewController.swift */ = {isa = PBXFileReference; lastKnownFileType = sourcecode.swift; path = SecondStepViewController.swift; sourceTree = "<group>"; };
		9536514D2C6F7B0000F58D13 /* ThirdStepView.swift */ = {isa = PBXFileReference; lastKnownFileType = sourcecode.swift; path = ThirdStepView.swift; sourceTree = "<group>"; };
		9536514F2C6F7B0900F58D13 /* ThirdStepViewController.swift */ = {isa = PBXFileReference; lastKnownFileType = sourcecode.swift; path = ThirdStepViewController.swift; sourceTree = "<group>"; };
		953651512C6F885D00F58D13 /* UIStackView+Extension.swift */ = {isa = PBXFileReference; lastKnownFileType = sourcecode.swift; path = "UIStackView+Extension.swift"; sourceTree = "<group>"; };
		95778AFC2C6FB0A7004BB616 /* DummyData.swift */ = {isa = PBXFileReference; lastKnownFileType = sourcecode.swift; path = DummyData.swift; sourceTree = "<group>"; };
		95778AFE2C6FB0D0004BB616 /* ResultContentView.swift */ = {isa = PBXFileReference; lastKnownFileType = sourcecode.swift; path = ResultContentView.swift; sourceTree = "<group>"; };
		95778B002C6FB0E3004BB616 /* ResultDetailView.swift */ = {isa = PBXFileReference; lastKnownFileType = sourcecode.swift; path = ResultDetailView.swift; sourceTree = "<group>"; };
		95778B042C6FB2A7004BB616 /* GmarketSansTTFBold.ttf */ = {isa = PBXFileReference; lastKnownFileType = file; path = GmarketSansTTFBold.ttf; sourceTree = "<group>"; };
		95778B052C6FB2A7004BB616 /* GmarketSansTTFLight.ttf */ = {isa = PBXFileReference; lastKnownFileType = file; path = GmarketSansTTFLight.ttf; sourceTree = "<group>"; };
		95778B062C6FB2A7004BB616 /* GmarketSansTTFMedium.ttf */ = {isa = PBXFileReference; lastKnownFileType = file; path = GmarketSansTTFMedium.ttf; sourceTree = "<group>"; };
		95778B0B2C6FB36A004BB616 /* UILabel+Extension.swift */ = {isa = PBXFileReference; lastKnownFileType = sourcecode.swift; path = "UILabel+Extension.swift"; sourceTree = "<group>"; };
		95778B0D2C6FBF52004BB616 /* MoyaLoggerPlugin.swift */ = {isa = PBXFileReference; lastKnownFileType = sourcecode.swift; path = MoyaLoggerPlugin.swift; sourceTree = "<group>"; };
		95778B0F2C6FBF68004BB616 /* NetworkResult.swift */ = {isa = PBXFileReference; lastKnownFileType = sourcecode.swift; path = NetworkResult.swift; sourceTree = "<group>"; };
		95778B112C6FBF85004BB616 /* TargetType+Extension.swift */ = {isa = PBXFileReference; lastKnownFileType = sourcecode.swift; path = "TargetType+Extension.swift"; sourceTree = "<group>"; };
		95778B152C6FBFA4004BB616 /* NetworkService.swift */ = {isa = PBXFileReference; lastKnownFileType = sourcecode.swift; path = NetworkService.swift; sourceTree = "<group>"; };
		95778B172C6FBFB8004BB616 /* ErrorResponse.swift */ = {isa = PBXFileReference; lastKnownFileType = sourcecode.swift; path = ErrorResponse.swift; sourceTree = "<group>"; };
		95778B1A2C6FBFD3004BB616 /* FrushAPI.swift */ = {isa = PBXFileReference; lastKnownFileType = sourcecode.swift; path = FrushAPI.swift; sourceTree = "<group>"; };
		95778B1C2C6FC025004BB616 /* FrushService.swift */ = {isa = PBXFileReference; lastKnownFileType = sourcecode.swift; path = FrushService.swift; sourceTree = "<group>"; };
		95778B1E2C6FC02B004BB616 /* FrushResponse.swift */ = {isa = PBXFileReference; lastKnownFileType = sourcecode.swift; path = FrushResponse.swift; sourceTree = "<group>"; };
		95778B262C6FD8D4004BB616 /* UIImage+Extension.swift */ = {isa = PBXFileReference; lastKnownFileType = sourcecode.swift; path = "UIImage+Extension.swift"; sourceTree = "<group>"; };
		95778B2B2C6FE15D004BB616 /* loading_animation.json */ = {isa = PBXFileReference; fileEncoding = 4; lastKnownFileType = text.json; path = loading_animation.json; sourceTree = "<group>"; };
		95778B2E2C6FE3BB004BB616 /* FrushView.swift */ = {isa = PBXFileReference; lastKnownFileType = sourcecode.swift; path = FrushView.swift; sourceTree = "<group>"; };
		95778B302C6FE3C3004BB616 /* FrushViewController.swift */ = {isa = PBXFileReference; lastKnownFileType = sourcecode.swift; path = FrushViewController.swift; sourceTree = "<group>"; };
		95778B362C700527004BB616 /* ResultData.swift */ = {isa = PBXFileReference; fileEncoding = 4; lastKnownFileType = sourcecode.swift; path = ResultData.swift; sourceTree = "<group>"; };
/* End PBXFileReference section */

/* Begin PBXFrameworksBuildPhase section */
		953650D32C6F624F00F58D13 /* Frameworks */ = {
			isa = PBXFrameworksBuildPhase;
			buildActionMask = 2147483647;
			files = (
				953650FB2C6F69D200F58D13 /* Then in Frameworks */,
				95778B2A2C6FE147004BB616 /* Lottie in Frameworks */,
				953651032C6F6A0100F58D13 /* CombineMoya in Frameworks */,
				953651052C6F6A0100F58D13 /* Moya in Frameworks */,
				9536515E2C6F9BBC00F58D13 /* SnapKit in Frameworks */,
				953651092C6F6A0100F58D13 /* RxMoya in Frameworks */,
				953651072C6F6A0100F58D13 /* ReactiveMoya in Frameworks */,
			);
			runOnlyForDeploymentPostprocessing = 0;
		};
/* End PBXFrameworksBuildPhase section */

/* Begin PBXGroup section */
		953650CD2C6F624F00F58D13 = {
			isa = PBXGroup;
			children = (
				953650D82C6F624F00F58D13 /* Frush */,
				953650D72C6F624F00F58D13 /* Products */,
			);
			sourceTree = "<group>";
		};
		953650D72C6F624F00F58D13 /* Products */ = {
			isa = PBXGroup;
			children = (
				953650D62C6F624F00F58D13 /* Frush.app */,
			);
			name = Products;
			sourceTree = "<group>";
		};
		953650D82C6F624F00F58D13 /* Frush */ = {
			isa = PBXGroup;
			children = (
				9536510B2C6F6A7400F58D13 /* Support */,
				9536510C2C6F6A9D00F58D13 /* Resource */,
				9536510D2C6F6AAA00F58D13 /* Extension */,
				9536510F2C6F6ABE00F58D13 /* Networking */,
				9536510E2C6F6AB500F58D13 /* Presentation */,
				9536510A2C6F6A0D00F58D13 /* App */,
				953650E42C6F625100F58D13 /* LaunchScreen.storyboard */,
			);
			path = Frush;
			sourceTree = "<group>";
		};
		953650F02C6F692F00F58D13 /* Base */ = {
			isa = PBXGroup;
			children = (
				953650F12C6F694200F58D13 /* BaseViewController.swift */,
				953650F52C6F696E00F58D13 /* BaseButton.swift */,
				953650F32C6F696200F58D13 /* BaseView.swift */,
				953651102C6F6AF900F58D13 /* BaseRouter.swift */,
			);
			path = Base;
			sourceTree = "<group>";
		};
		9536510A2C6F6A0D00F58D13 /* App */ = {
			isa = PBXGroup;
			children = (
				953650D92C6F624F00F58D13 /* AppDelegate.swift */,
				953650F72C6F698400F58D13 /* AppDependency.swift */,
				953650DB2C6F624F00F58D13 /* SceneDelegate.swift */,
			);
			path = App;
			sourceTree = "<group>";
		};
		9536510B2C6F6A7400F58D13 /* Support */ = {
			isa = PBXGroup;
			children = (
				953650E72C6F625100F58D13 /* Info.plist */,
			);
			path = Support;
			sourceTree = "<group>";
		};
		9536510C2C6F6A9D00F58D13 /* Resource */ = {
			isa = PBXGroup;
			children = (
				95778B0A2C6FB2AB004BB616 /* Font */,
				953650E22C6F625100F58D13 /* Assets.xcassets */,
				95778B2B2C6FE15D004BB616 /* loading_animation.json */,
			);
			path = Resource;
			sourceTree = "<group>";
		};
		9536510D2C6F6AAA00F58D13 /* Extension */ = {
			isa = PBXGroup;
			children = (
				9536513E2C6F762F00F58D13 /* UIColor+Extension.swift */,
				95778B0B2C6FB36A004BB616 /* UILabel+Extension.swift */,
				953651512C6F885D00F58D13 /* UIStackView+Extension.swift */,
				953651402C6F763700F58D13 /* UIButton+Extension.swift */,
				95778B262C6FD8D4004BB616 /* UIImage+Extension.swift */,
				953651372C6F73F900F58D13 /* Literal */,
			);
			path = Extension;
			sourceTree = "<group>";
		};
		9536510E2C6F6AB500F58D13 /* Presentation */ = {
			isa = PBXGroup;
			children = (
				953651122C6F6C5E00F58D13 /* Main */,
				95778B2D2C6FE3AF004BB616 /* Frush */,
				953651422C6F7A8900F58D13 /* FirstStep */,
				953651432C6F7ACB00F58D13 /* SecondStep */,
				953651442C6F7ACF00F58D13 /* ThirdStep */,
				953651262C6F6DCA00F58D13 /* Camera */,
				953651302C6F6E2D00F58D13 /* Loading */,
				9536512B2C6F6DFF00F58D13 /* Result */,
				953650DD2C6F624F00F58D13 /* ViewController.swift */,
				953650F02C6F692F00F58D13 /* Base */,
			);
			path = Presentation;
			sourceTree = "<group>";
		};
		9536510F2C6F6ABE00F58D13 /* Networking */ = {
			isa = PBXGroup;
			children = (
				95778B192C6FBFCB004BB616 /* Frush */,
				95778AFC2C6FB0A7004BB616 /* DummyData.swift */,
				95778B0D2C6FBF52004BB616 /* MoyaLoggerPlugin.swift */,
				95778B0F2C6FBF68004BB616 /* NetworkResult.swift */,
				95778B112C6FBF85004BB616 /* TargetType+Extension.swift */,
				95778B152C6FBFA4004BB616 /* NetworkService.swift */,
				95778B172C6FBFB8004BB616 /* ErrorResponse.swift */,
				95778B362C700527004BB616 /* ResultData.swift */,
			);
			path = Networking;
			sourceTree = "<group>";
		};
		953651122C6F6C5E00F58D13 /* Main */ = {
			isa = PBXGroup;
			children = (
				953651162C6F6CA100F58D13 /* MainView.swift */,
				953651182C6F6CA600F58D13 /* MainViewController.swift */,
			);
			path = Main;
			sourceTree = "<group>";
		};
		953651262C6F6DCA00F58D13 /* Camera */ = {
			isa = PBXGroup;
			children = (
				953651272C6F6DD400F58D13 /* CameraView.swift */,
				953651292C6F6DDA00F58D13 /* CameraViewController.swift */,
			);
			path = Camera;
			sourceTree = "<group>";
		};
		9536512B2C6F6DFF00F58D13 /* Result */ = {
			isa = PBXGroup;
			children = (
				9536512C2C6F6E0800F58D13 /* ResultView.swift */,
				95778AFE2C6FB0D0004BB616 /* ResultContentView.swift */,
				95778B002C6FB0E3004BB616 /* ResultDetailView.swift */,
				9536512E2C6F6E0D00F58D13 /* ResultViewController.swift */,
			);
			path = Result;
			sourceTree = "<group>";
		};
		953651302C6F6E2D00F58D13 /* Loading */ = {
			isa = PBXGroup;
			children = (
				953651312C6F6E3700F58D13 /* LoadingView.swift */,
				953651332C6F6E3F00F58D13 /* LoadingViewController.swift */,
			);
			path = Loading;
			sourceTree = "<group>";
		};
		953651372C6F73F900F58D13 /* Literal */ = {
			isa = PBXGroup;
			children = (
				953651382C6F740100F58D13 /* ImageLiteral.swift */,
			);
			path = Literal;
			sourceTree = "<group>";
		};
		953651422C6F7A8900F58D13 /* FirstStep */ = {
			isa = PBXGroup;
			children = (
				953651452C6F7AE600F58D13 /* FirstStepView.swift */,
				953651472C6F7AED00F58D13 /* FirstStepViewController.swift */,
			);
			path = FirstStep;
			sourceTree = "<group>";
		};
		953651432C6F7ACB00F58D13 /* SecondStep */ = {
			isa = PBXGroup;
			children = (
				953651492C6F7AF300F58D13 /* SecondStepView.swift */,
				9536514B2C6F7AFA00F58D13 /* SecondStepViewController.swift */,
			);
			path = SecondStep;
			sourceTree = "<group>";
		};
		953651442C6F7ACF00F58D13 /* ThirdStep */ = {
			isa = PBXGroup;
			children = (
				9536514D2C6F7B0000F58D13 /* ThirdStepView.swift */,
				9536514F2C6F7B0900F58D13 /* ThirdStepViewController.swift */,
			);
			path = ThirdStep;
			sourceTree = "<group>";
		};
		95778B0A2C6FB2AB004BB616 /* Font */ = {
			isa = PBXGroup;
			children = (
				95778B042C6FB2A7004BB616 /* GmarketSansTTFBold.ttf */,
				95778B052C6FB2A7004BB616 /* GmarketSansTTFLight.ttf */,
				95778B062C6FB2A7004BB616 /* GmarketSansTTFMedium.ttf */,
			);
			path = Font;
			sourceTree = "<group>";
		};
		95778B192C6FBFCB004BB616 /* Frush */ = {
			isa = PBXGroup;
			children = (
				95778B1A2C6FBFD3004BB616 /* FrushAPI.swift */,
				95778B1C2C6FC025004BB616 /* FrushService.swift */,
				95778B1E2C6FC02B004BB616 /* FrushResponse.swift */,
			);
			path = Frush;
			sourceTree = "<group>";
		};
		95778B2D2C6FE3AF004BB616 /* Frush */ = {
			isa = PBXGroup;
			children = (
				95778B2E2C6FE3BB004BB616 /* FrushView.swift */,
				95778B302C6FE3C3004BB616 /* FrushViewController.swift */,
			);
			path = Frush;
			sourceTree = "<group>";
		};
/* End PBXGroup section */

/* Begin PBXNativeTarget section */
		953650D52C6F624F00F58D13 /* Frush */ = {
			isa = PBXNativeTarget;
			buildConfigurationList = 953650EA2C6F625100F58D13 /* Build configuration list for PBXNativeTarget "Frush" */;
			buildPhases = (
				953650D22C6F624F00F58D13 /* Sources */,
				953650D32C6F624F00F58D13 /* Frameworks */,
				953650D42C6F624F00F58D13 /* Resources */,
			);
			buildRules = (
			);
			dependencies = (
			);
			name = Frush;
			packageProductDependencies = (
				953650FA2C6F69D200F58D13 /* Then */,
				953651022C6F6A0100F58D13 /* CombineMoya */,
				953651042C6F6A0100F58D13 /* Moya */,
				953651062C6F6A0100F58D13 /* ReactiveMoya */,
				953651082C6F6A0100F58D13 /* RxMoya */,
				9536515D2C6F9BBC00F58D13 /* SnapKit */,
				95778B292C6FE147004BB616 /* Lottie */,
			);
			productName = Frush;
			productReference = 953650D62C6F624F00F58D13 /* Frush.app */;
			productType = "com.apple.product-type.application";
		};
/* End PBXNativeTarget section */

/* Begin PBXProject section */
		953650CE2C6F624F00F58D13 /* Project object */ = {
			isa = PBXProject;
			attributes = {
				BuildIndependentTargetsInParallel = 1;
				LastSwiftUpdateCheck = 1500;
				LastUpgradeCheck = 1500;
				TargetAttributes = {
					953650D52C6F624F00F58D13 = {
						CreatedOnToolsVersion = 15.0;
					};
				};
			};
			buildConfigurationList = 953650D12C6F624F00F58D13 /* Build configuration list for PBXProject "Frush" */;
			compatibilityVersion = "Xcode 14.0";
			developmentRegion = en;
			hasScannedForEncodings = 0;
			knownRegions = (
				en,
				Base,
			);
			mainGroup = 953650CD2C6F624F00F58D13;
			packageReferences = (
				953650F92C6F69D200F58D13 /* XCRemoteSwiftPackageReference "Then" */,
				953651012C6F6A0100F58D13 /* XCRemoteSwiftPackageReference "Moya" */,
				9536515C2C6F9BBC00F58D13 /* XCRemoteSwiftPackageReference "SnapKit" */,
				95778B282C6FE147004BB616 /* XCRemoteSwiftPackageReference "lottie-spm" */,
			);
			productRefGroup = 953650D72C6F624F00F58D13 /* Products */;
			projectDirPath = "";
			projectRoot = "";
			targets = (
				953650D52C6F624F00F58D13 /* Frush */,
			);
		};
/* End PBXProject section */

/* Begin PBXResourcesBuildPhase section */
		953650D42C6F624F00F58D13 /* Resources */ = {
			isa = PBXResourcesBuildPhase;
			buildActionMask = 2147483647;
			files = (
				953650E62C6F625100F58D13 /* LaunchScreen.storyboard in Resources */,
				95778B082C6FB2A7004BB616 /* GmarketSansTTFLight.ttf in Resources */,
				953650E32C6F625100F58D13 /* Assets.xcassets in Resources */,
				95778B072C6FB2A7004BB616 /* GmarketSansTTFBold.ttf in Resources */,
				95778B092C6FB2A7004BB616 /* GmarketSansTTFMedium.ttf in Resources */,
				95778B2C2C6FE15D004BB616 /* loading_animation.json in Resources */,
			);
			runOnlyForDeploymentPostprocessing = 0;
		};
/* End PBXResourcesBuildPhase section */

/* Begin PBXSourcesBuildPhase section */
		953650D22C6F624F00F58D13 /* Sources */ = {
			isa = PBXSourcesBuildPhase;
			buildActionMask = 2147483647;
			files = (
				953650DE2C6F624F00F58D13 /* ViewController.swift in Sources */,
				953651172C6F6CA100F58D13 /* MainView.swift in Sources */,
				95778B1D2C6FC025004BB616 /* FrushService.swift in Sources */,
				95778B1F2C6FC02B004BB616 /* FrushResponse.swift in Sources */,
				95778B0E2C6FBF52004BB616 /* MoyaLoggerPlugin.swift in Sources */,
				9536514E2C6F7B0000F58D13 /* ThirdStepView.swift in Sources */,
				95778B102C6FBF68004BB616 /* NetworkResult.swift in Sources */,
				95778B272C6FD8D4004BB616 /* UIImage+Extension.swift in Sources */,
				9536512D2C6F6E0800F58D13 /* ResultView.swift in Sources */,
				95778AFF2C6FB0D0004BB616 /* ResultContentView.swift in Sources */,
				95778B182C6FBFB8004BB616 /* ErrorResponse.swift in Sources */,
				953650F22C6F694200F58D13 /* BaseViewController.swift in Sources */,
				953651392C6F740100F58D13 /* ImageLiteral.swift in Sources */,
				953651322C6F6E3700F58D13 /* LoadingView.swift in Sources */,
				95778B2F2C6FE3BB004BB616 /* FrushView.swift in Sources */,
				95778AFD2C6FB0A7004BB616 /* DummyData.swift in Sources */,
				953650F42C6F696200F58D13 /* BaseView.swift in Sources */,
				9536513F2C6F762F00F58D13 /* UIColor+Extension.swift in Sources */,
				953651502C6F7B0900F58D13 /* ThirdStepViewController.swift in Sources */,
				953651522C6F885D00F58D13 /* UIStackView+Extension.swift in Sources */,
				953650DA2C6F624F00F58D13 /* AppDelegate.swift in Sources */,
				953651482C6F7AED00F58D13 /* FirstStepViewController.swift in Sources */,
				95778B312C6FE3C3004BB616 /* FrushViewController.swift in Sources */,
				95778B122C6FBF85004BB616 /* TargetType+Extension.swift in Sources */,
				95778B012C6FB0E3004BB616 /* ResultDetailView.swift in Sources */,
				95778B1B2C6FBFD3004BB616 /* FrushAPI.swift in Sources */,
				95778B0C2C6FB36A004BB616 /* UILabel+Extension.swift in Sources */,
				953650F62C6F696E00F58D13 /* BaseButton.swift in Sources */,
				953651412C6F763700F58D13 /* UIButton+Extension.swift in Sources */,
				953650DC2C6F624F00F58D13 /* SceneDelegate.swift in Sources */,
				9536514A2C6F7AF300F58D13 /* SecondStepView.swift in Sources */,
				953651462C6F7AE600F58D13 /* FirstStepView.swift in Sources */,
				95778B372C700527004BB616 /* ResultData.swift in Sources */,
				953651282C6F6DD400F58D13 /* CameraView.swift in Sources */,
				953650F82C6F698400F58D13 /* AppDependency.swift in Sources */,
				95778B162C6FBFA4004BB616 /* NetworkService.swift in Sources */,
				9536512F2C6F6E0D00F58D13 /* ResultViewController.swift in Sources */,
				953651112C6F6AF900F58D13 /* BaseRouter.swift in Sources */,
				9536514C2C6F7AFA00F58D13 /* SecondStepViewController.swift in Sources */,
				953651192C6F6CA600F58D13 /* MainViewController.swift in Sources */,
				953651342C6F6E3F00F58D13 /* LoadingViewController.swift in Sources */,
				9536512A2C6F6DDA00F58D13 /* CameraViewController.swift in Sources */,
			);
			runOnlyForDeploymentPostprocessing = 0;
		};
/* End PBXSourcesBuildPhase section */

/* Begin PBXVariantGroup section */
		953650E42C6F625100F58D13 /* LaunchScreen.storyboard */ = {
			isa = PBXVariantGroup;
			children = (
				953650E52C6F625100F58D13 /* Base */,
			);
			name = LaunchScreen.storyboard;
			sourceTree = "<group>";
		};
/* End PBXVariantGroup section */

/* Begin XCBuildConfiguration section */
		953650E82C6F625100F58D13 /* Debug */ = {
			isa = XCBuildConfiguration;
			buildSettings = {
				ALWAYS_SEARCH_USER_PATHS = NO;
				ASSETCATALOG_COMPILER_GENERATE_SWIFT_ASSET_SYMBOL_EXTENSIONS = YES;
				CLANG_ANALYZER_NONNULL = YES;
				CLANG_ANALYZER_NUMBER_OBJECT_CONVERSION = YES_AGGRESSIVE;
				CLANG_CXX_LANGUAGE_STANDARD = "gnu++20";
				CLANG_ENABLE_MODULES = YES;
				CLANG_ENABLE_OBJC_ARC = YES;
				CLANG_ENABLE_OBJC_WEAK = YES;
				CLANG_WARN_BLOCK_CAPTURE_AUTORELEASING = YES;
				CLANG_WARN_BOOL_CONVERSION = YES;
				CLANG_WARN_COMMA = YES;
				CLANG_WARN_CONSTANT_CONVERSION = YES;
				CLANG_WARN_DEPRECATED_OBJC_IMPLEMENTATIONS = YES;
				CLANG_WARN_DIRECT_OBJC_ISA_USAGE = YES_ERROR;
				CLANG_WARN_DOCUMENTATION_COMMENTS = YES;
				CLANG_WARN_EMPTY_BODY = YES;
				CLANG_WARN_ENUM_CONVERSION = YES;
				CLANG_WARN_INFINITE_RECURSION = YES;
				CLANG_WARN_INT_CONVERSION = YES;
				CLANG_WARN_NON_LITERAL_NULL_CONVERSION = YES;
				CLANG_WARN_OBJC_IMPLICIT_RETAIN_SELF = YES;
				CLANG_WARN_OBJC_LITERAL_CONVERSION = YES;
				CLANG_WARN_OBJC_ROOT_CLASS = YES_ERROR;
				CLANG_WARN_QUOTED_INCLUDE_IN_FRAMEWORK_HEADER = YES;
				CLANG_WARN_RANGE_LOOP_ANALYSIS = YES;
				CLANG_WARN_STRICT_PROTOTYPES = YES;
				CLANG_WARN_SUSPICIOUS_MOVE = YES;
				CLANG_WARN_UNGUARDED_AVAILABILITY = YES_AGGRESSIVE;
				CLANG_WARN_UNREACHABLE_CODE = YES;
				CLANG_WARN__DUPLICATE_METHOD_MATCH = YES;
				COPY_PHASE_STRIP = NO;
				DEBUG_INFORMATION_FORMAT = dwarf;
				ENABLE_STRICT_OBJC_MSGSEND = YES;
				ENABLE_TESTABILITY = YES;
				ENABLE_USER_SCRIPT_SANDBOXING = YES;
				GCC_C_LANGUAGE_STANDARD = gnu17;
				GCC_DYNAMIC_NO_PIC = NO;
				GCC_NO_COMMON_BLOCKS = YES;
				GCC_OPTIMIZATION_LEVEL = 0;
				GCC_PREPROCESSOR_DEFINITIONS = (
					"DEBUG=1",
					"$(inherited)",
				);
				GCC_WARN_64_TO_32_BIT_CONVERSION = YES;
				GCC_WARN_ABOUT_RETURN_TYPE = YES_ERROR;
				GCC_WARN_UNDECLARED_SELECTOR = YES;
				GCC_WARN_UNINITIALIZED_AUTOS = YES_AGGRESSIVE;
				GCC_WARN_UNUSED_FUNCTION = YES;
				GCC_WARN_UNUSED_VARIABLE = YES;
				IPHONEOS_DEPLOYMENT_TARGET = 17.0;
				LOCALIZATION_PREFERS_STRING_CATALOGS = YES;
				MTL_ENABLE_DEBUG_INFO = INCLUDE_SOURCE;
				MTL_FAST_MATH = YES;
				ONLY_ACTIVE_ARCH = YES;
				SDKROOT = iphoneos;
				SWIFT_ACTIVE_COMPILATION_CONDITIONS = "DEBUG $(inherited)";
				SWIFT_OPTIMIZATION_LEVEL = "-Onone";
			};
			name = Debug;
		};
		953650E92C6F625100F58D13 /* Release */ = {
			isa = XCBuildConfiguration;
			buildSettings = {
				ALWAYS_SEARCH_USER_PATHS = NO;
				ASSETCATALOG_COMPILER_GENERATE_SWIFT_ASSET_SYMBOL_EXTENSIONS = YES;
				CLANG_ANALYZER_NONNULL = YES;
				CLANG_ANALYZER_NUMBER_OBJECT_CONVERSION = YES_AGGRESSIVE;
				CLANG_CXX_LANGUAGE_STANDARD = "gnu++20";
				CLANG_ENABLE_MODULES = YES;
				CLANG_ENABLE_OBJC_ARC = YES;
				CLANG_ENABLE_OBJC_WEAK = YES;
				CLANG_WARN_BLOCK_CAPTURE_AUTORELEASING = YES;
				CLANG_WARN_BOOL_CONVERSION = YES;
				CLANG_WARN_COMMA = YES;
				CLANG_WARN_CONSTANT_CONVERSION = YES;
				CLANG_WARN_DEPRECATED_OBJC_IMPLEMENTATIONS = YES;
				CLANG_WARN_DIRECT_OBJC_ISA_USAGE = YES_ERROR;
				CLANG_WARN_DOCUMENTATION_COMMENTS = YES;
				CLANG_WARN_EMPTY_BODY = YES;
				CLANG_WARN_ENUM_CONVERSION = YES;
				CLANG_WARN_INFINITE_RECURSION = YES;
				CLANG_WARN_INT_CONVERSION = YES;
				CLANG_WARN_NON_LITERAL_NULL_CONVERSION = YES;
				CLANG_WARN_OBJC_IMPLICIT_RETAIN_SELF = YES;
				CLANG_WARN_OBJC_LITERAL_CONVERSION = YES;
				CLANG_WARN_OBJC_ROOT_CLASS = YES_ERROR;
				CLANG_WARN_QUOTED_INCLUDE_IN_FRAMEWORK_HEADER = YES;
				CLANG_WARN_RANGE_LOOP_ANALYSIS = YES;
				CLANG_WARN_STRICT_PROTOTYPES = YES;
				CLANG_WARN_SUSPICIOUS_MOVE = YES;
				CLANG_WARN_UNGUARDED_AVAILABILITY = YES_AGGRESSIVE;
				CLANG_WARN_UNREACHABLE_CODE = YES;
				CLANG_WARN__DUPLICATE_METHOD_MATCH = YES;
				COPY_PHASE_STRIP = NO;
				DEBUG_INFORMATION_FORMAT = "dwarf-with-dsym";
				ENABLE_NS_ASSERTIONS = NO;
				ENABLE_STRICT_OBJC_MSGSEND = YES;
				ENABLE_USER_SCRIPT_SANDBOXING = YES;
				GCC_C_LANGUAGE_STANDARD = gnu17;
				GCC_NO_COMMON_BLOCKS = YES;
				GCC_WARN_64_TO_32_BIT_CONVERSION = YES;
				GCC_WARN_ABOUT_RETURN_TYPE = YES_ERROR;
				GCC_WARN_UNDECLARED_SELECTOR = YES;
				GCC_WARN_UNINITIALIZED_AUTOS = YES_AGGRESSIVE;
				GCC_WARN_UNUSED_FUNCTION = YES;
				GCC_WARN_UNUSED_VARIABLE = YES;
				IPHONEOS_DEPLOYMENT_TARGET = 17.0;
				LOCALIZATION_PREFERS_STRING_CATALOGS = YES;
				MTL_ENABLE_DEBUG_INFO = NO;
				MTL_FAST_MATH = YES;
				SDKROOT = iphoneos;
				SWIFT_COMPILATION_MODE = wholemodule;
				VALIDATE_PRODUCT = YES;
			};
			name = Release;
		};
		953650EB2C6F625100F58D13 /* Debug */ = {
			isa = XCBuildConfiguration;
			buildSettings = {
				ASSETCATALOG_COMPILER_APPICON_NAME = AppIcon;
				ASSETCATALOG_COMPILER_GLOBAL_ACCENT_COLOR_NAME = AccentColor;
				CODE_SIGN_STYLE = Automatic;
				CURRENT_PROJECT_VERSION = 1;
				DEVELOPMENT_TEAM = 4P6BZ8CR69;
				GENERATE_INFOPLIST_FILE = YES;
				INFOPLIST_FILE = Frush/Support/Info.plist;
				INFOPLIST_KEY_UIApplicationSupportsIndirectInputEvents = YES;
				INFOPLIST_KEY_UILaunchStoryboardName = LaunchScreen;
				INFOPLIST_KEY_UISupportedInterfaceOrientations_iPad = "UIInterfaceOrientationPortrait UIInterfaceOrientationPortraitUpsideDown UIInterfaceOrientationLandscapeLeft UIInterfaceOrientationLandscapeRight";
				INFOPLIST_KEY_UISupportedInterfaceOrientations_iPhone = "UIInterfaceOrientationPortrait UIInterfaceOrientationLandscapeLeft UIInterfaceOrientationLandscapeRight";
				LD_RUNPATH_SEARCH_PATHS = (
					"$(inherited)",
					"@executable_path/Frameworks",
				);
				MARKETING_VERSION = 1.0;
				PRODUCT_BUNDLE_IDENTIFIER = jiyoon.Frush;
				PRODUCT_NAME = "$(TARGET_NAME)";
				SWIFT_EMIT_LOC_STRINGS = YES;
				SWIFT_VERSION = 5.0;
				TARGETED_DEVICE_FAMILY = "1,2";
			};
			name = Debug;
		};
		953650EC2C6F625100F58D13 /* Release */ = {
			isa = XCBuildConfiguration;
			buildSettings = {
				ASSETCATALOG_COMPILER_APPICON_NAME = AppIcon;
				ASSETCATALOG_COMPILER_GLOBAL_ACCENT_COLOR_NAME = AccentColor;
				CODE_SIGN_STYLE = Automatic;
				CURRENT_PROJECT_VERSION = 1;
				DEVELOPMENT_TEAM = 4P6BZ8CR69;
				GENERATE_INFOPLIST_FILE = YES;
				INFOPLIST_FILE = Frush/Support/Info.plist;
				INFOPLIST_KEY_UIApplicationSupportsIndirectInputEvents = YES;
				INFOPLIST_KEY_UILaunchStoryboardName = LaunchScreen;
				INFOPLIST_KEY_UISupportedInterfaceOrientations_iPad = "UIInterfaceOrientationPortrait UIInterfaceOrientationPortraitUpsideDown UIInterfaceOrientationLandscapeLeft UIInterfaceOrientationLandscapeRight";
				INFOPLIST_KEY_UISupportedInterfaceOrientations_iPhone = "UIInterfaceOrientationPortrait UIInterfaceOrientationLandscapeLeft UIInterfaceOrientationLandscapeRight";
				LD_RUNPATH_SEARCH_PATHS = (
					"$(inherited)",
					"@executable_path/Frameworks",
				);
				MARKETING_VERSION = 1.0;
				PRODUCT_BUNDLE_IDENTIFIER = jiyoon.Frush;
				PRODUCT_NAME = "$(TARGET_NAME)";
				SWIFT_EMIT_LOC_STRINGS = YES;
				SWIFT_VERSION = 5.0;
				TARGETED_DEVICE_FAMILY = "1,2";
			};
			name = Release;
		};
/* End XCBuildConfiguration section */

/* Begin XCConfigurationList section */
		953650D12C6F624F00F58D13 /* Build configuration list for PBXProject "Frush" */ = {
			isa = XCConfigurationList;
			buildConfigurations = (
				953650E82C6F625100F58D13 /* Debug */,
				953650E92C6F625100F58D13 /* Release */,
			);
			defaultConfigurationIsVisible = 0;
			defaultConfigurationName = Release;
		};
		953650EA2C6F625100F58D13 /* Build configuration list for PBXNativeTarget "Frush" */ = {
			isa = XCConfigurationList;
			buildConfigurations = (
				953650EB2C6F625100F58D13 /* Debug */,
				953650EC2C6F625100F58D13 /* Release */,
			);
			defaultConfigurationIsVisible = 0;
			defaultConfigurationName = Release;
		};
/* End XCConfigurationList section */

/* Begin XCRemoteSwiftPackageReference section */
		953650F92C6F69D200F58D13 /* XCRemoteSwiftPackageReference "Then" */ = {
			isa = XCRemoteSwiftPackageReference;
			repositoryURL = "https://github.com/devxoul/Then";
			requirement = {
				kind = upToNextMajorVersion;
				minimumVersion = 3.0.0;
			};
		};
		953651012C6F6A0100F58D13 /* XCRemoteSwiftPackageReference "Moya" */ = {
			isa = XCRemoteSwiftPackageReference;
			repositoryURL = "https://github.com/Moya/Moya.git";
			requirement = {
				kind = upToNextMajorVersion;
				minimumVersion = 15.0.3;
			};
		};
		9536515C2C6F9BBC00F58D13 /* XCRemoteSwiftPackageReference "SnapKit" */ = {
			isa = XCRemoteSwiftPackageReference;
			repositoryURL = "https://github.com/SnapKit/SnapKit.git";
			requirement = {
				kind = upToNextMajorVersion;
				minimumVersion = 5.7.1;
			};
		};
		95778B282C6FE147004BB616 /* XCRemoteSwiftPackageReference "lottie-spm" */ = {
			isa = XCRemoteSwiftPackageReference;
			repositoryURL = "https://github.com/airbnb/lottie-spm.git";
			requirement = {
				kind = upToNextMajorVersion;
				minimumVersion = 4.5.0;
			};
		};
/* End XCRemoteSwiftPackageReference section */

/* Begin XCSwiftPackageProductDependency section */
		953650FA2C6F69D200F58D13 /* Then */ = {
			isa = XCSwiftPackageProductDependency;
			package = 953650F92C6F69D200F58D13 /* XCRemoteSwiftPackageReference "Then" */;
			productName = Then;
		};
		953651022C6F6A0100F58D13 /* CombineMoya */ = {
			isa = XCSwiftPackageProductDependency;
			package = 953651012C6F6A0100F58D13 /* XCRemoteSwiftPackageReference "Moya" */;
			productName = CombineMoya;
		};
		953651042C6F6A0100F58D13 /* Moya */ = {
			isa = XCSwiftPackageProductDependency;
			package = 953651012C6F6A0100F58D13 /* XCRemoteSwiftPackageReference "Moya" */;
			productName = Moya;
		};
		953651062C6F6A0100F58D13 /* ReactiveMoya */ = {
			isa = XCSwiftPackageProductDependency;
			package = 953651012C6F6A0100F58D13 /* XCRemoteSwiftPackageReference "Moya" */;
			productName = ReactiveMoya;
		};
		953651082C6F6A0100F58D13 /* RxMoya */ = {
			isa = XCSwiftPackageProductDependency;
			package = 953651012C6F6A0100F58D13 /* XCRemoteSwiftPackageReference "Moya" */;
			productName = RxMoya;
		};
		9536515D2C6F9BBC00F58D13 /* SnapKit */ = {
			isa = XCSwiftPackageProductDependency;
			package = 9536515C2C6F9BBC00F58D13 /* XCRemoteSwiftPackageReference "SnapKit" */;
			productName = SnapKit;
		};
		95778B292C6FE147004BB616 /* Lottie */ = {
			isa = XCSwiftPackageProductDependency;
			package = 95778B282C6FE147004BB616 /* XCRemoteSwiftPackageReference "lottie-spm" */;
			productName = Lottie;
		};
/* End XCSwiftPackageProductDependency section */
	};
	rootObject = 953650CE2C6F624F00F58D13 /* Project object */;
}
